
Microsoft Visual Studio Solution File, Format Version 12.00
# Visual Studio Version 17
VisualStudioVersion = 17.5.002.0
MinimumVisualStudioVersion = 10.0.40219.1
Project("{9A19103F-16F7-4668-BE54-9A1E7A4F7556}") = "game-server", "game-server\game-server.csproj", "{7A8DAA65-4303-43A4-B2AC-9862828CD5EE}"
EndProject
Project("{9A19103F-16F7-4668-BE54-9A1E7A4F7556}") = "master-server", "master-server\master-server.csproj", "{C00506C8-B0A9-4FA9-A5CA-36BD92053F85}"
EndProject
Project("{2150E333-8FDC-42A3-9474-1A3956D46DE8}") = "test-master-server", "test-master-server", "{9CC3AB03-1D49-449D-9E5C-297835DA8FB7}"
EndProject
Project("{9A19103F-16F7-4668-BE54-9A1E7A4F7556}") = "test", "test-master-server\test\test.csproj", "{BE7CFC65-F73E-4E21-8686-720BAC321350}"
EndProject
Global
	GlobalSection(SolutionConfigurationPlatforms) = preSolution
		Debug|Any CPU = Debug|Any CPU
		Release|Any CPU = Release|Any CPU
	EndGlobalSection
	GlobalSection(ProjectConfigurationPlatforms) = postSolution
		{7A8DAA65-4303-43A4-B2AC-9862828CD5EE}.Debug|Any CPU.ActiveCfg = Debug|Any CPU
		{7A8DAA65-4303-43A4-B2AC-9862828CD5EE}.Debug|Any CPU.Build.0 = Debug|Any CPU
		{7A8DAA65-4303-43A4-B2AC-9862828CD5EE}.Release|Any CPU.ActiveCfg = Release|Any CPU
		{7A8DAA65-4303-43A4-B2AC-9862828CD5EE}.Release|Any CPU.Build.0 = Release|Any CPU
		{C00506C8-B0A9-4FA9-A5CA-36BD92053F85}.Debug|Any CPU.ActiveCfg = Debug|Any CPU
		{C00506C8-B0A9-4FA9-A5CA-36BD92053F85}.Debug|Any CPU.Build.0 = Debug|Any CPU
		{C00506C8-B0A9-4FA9-A5CA-36BD92053F85}.Release|Any CPU.ActiveCfg = Release|Any CPU
		{C00506C8-B0A9-4FA9-A5CA-36BD92053F85}.Release|Any CPU.Build.0 = Release|Any CPU
		{BE7CFC65-F73E-4E21-8686-720BAC321350}.Debug|Any CPU.ActiveCfg = Debug|Any CPU
		{BE7CFC65-F73E-4E21-8686-720BAC321350}.Debug|Any CPU.Build.0 = Debug|Any CPU
		{BE7CFC65-F73E-4E21-8686-720BAC321350}.Release|Any CPU.ActiveCfg = Release|Any CPU
		{BE7CFC65-F73E-4E21-8686-720BAC321350}.Release|Any CPU.Build.0 = Release|Any CPU
	EndGlobalSection
	GlobalSection(SolutionProperties) = preSolution
		HideSolutionNode = FALSE
	EndGlobalSection
	GlobalSection(NestedProjects) = preSolution
		{BE7CFC65-F73E-4E21-8686-720BAC321350} = {9CC3AB03-1D49-449D-9E5C-297835DA8FB7}
	EndGlobalSection
	GlobalSection(ExtensibilityGlobals) = postSolution
		SolutionGuid = {E9FC6712-867C-45C0-91BA-318950EFA21B}
	EndGlobalSection
EndGlobal
