
Microsoft Visual Studio Solution File, Format Version 12.00
# Visual Studio Version 17
VisualStudioVersion = 17.0.31903.59
MinimumVisualStudioVersion = 10.0.40219.1
Project("{FAE04EC0-301F-11D3-BF4B-00C04F79EFBC}") = "master-server", "master-server.csproj", "{4455B445-BA06-4875-AD13-53C42635F6C9}"
EndProject
Project("{2150E333-8FDC-42A3-9474-1A3956D46DE8}") = "src", "src", "{AD992772-B54E-49F5-8EA8-A94A20CE2386}"
EndProject
Project("{FAE04EC0-301F-11D3-BF4B-00C04F79EFBC}") = "MasterServer.Tests", "src\MasterServer.Tests\MasterServer.Tests.csproj", "{542C5C9A-454F-48AB-AF7C-FD5314AD265C}"
EndProject
Global
	GlobalSection(SolutionConfigurationPlatforms) = preSolution
		Debug|Any CPU = Debug|Any CPU
		Release|Any CPU = Release|Any CPU
	EndGlobalSection
	GlobalSection(SolutionProperties) = preSolution
		HideSolutionNode = FALSE
	EndGlobalSection
	GlobalSection(ProjectConfigurationPlatforms) = postSolution
		{4455B445-BA06-4875-AD13-53C42635F6C9}.Debug|Any CPU.ActiveCfg = Debug|Any CPU
		{4455B445-BA06-4875-AD13-53C42635F6C9}.Debug|Any CPU.Build.0 = Debug|Any CPU
		{4455B445-BA06-4875-AD13-53C42635F6C9}.Release|Any CPU.ActiveCfg = Release|Any CPU
		{4455B445-BA06-4875-AD13-53C42635F6C9}.Release|Any CPU.Build.0 = Release|Any CPU
		{542C5C9A-454F-48AB-AF7C-FD5314AD265C}.Debug|Any CPU.ActiveCfg = Debug|Any CPU
		{542C5C9A-454F-48AB-AF7C-FD5314AD265C}.Debug|Any CPU.Build.0 = Debug|Any CPU
		{542C5C9A-454F-48AB-AF7C-FD5314AD265C}.Release|Any CPU.ActiveCfg = Release|Any CPU
		{542C5C9A-454F-48AB-AF7C-FD5314AD265C}.Release|Any CPU.Build.0 = Release|Any CPU
	EndGlobalSection
	GlobalSection(NestedProjects) = preSolution
		{542C5C9A-454F-48AB-AF7C-FD5314AD265C} = {AD992772-B54E-49F5-8EA8-A94A20CE2386}
	EndGlobalSection
EndGlobal
